version: 5
environments:
  default:
    channels:
    - url: https://conda.anaconda.org/conda-forge/
    packages:
      win-64:
      - conda: https://conda.anaconda.org/conda-forge/win-64/bzip2-1.0.8-h2466b09_7.conda
      - conda: https://conda.anaconda.org/conda-forge/win-64/ca-certificates-2024.8.30-h56e8100_0.conda
      - conda: https://conda.anaconda.org/conda-forge/win-64/cairo-1.18.0-h32b962e_3.conda
      - conda: https://conda.anaconda.org/conda-forge/win-64/epoxy-1.5.10-h8d14728_1.tar.bz2
      - conda: https://conda.anaconda.org/conda-forge/win-64/expat-2.6.3-he0c23c2_0.conda
      - conda: https://conda.anaconda.org/conda-forge/noarch/font-ttf-dejavu-sans-mono-2.37-hab24e00_0.tar.bz2
      - conda: https://conda.anaconda.org/conda-forge/noarch/font-ttf-inconsolata-3.000-h77eed37_0.tar.bz2
      - conda: https://conda.anaconda.org/conda-forge/noarch/font-ttf-source-code-pro-2.038-h77eed37_0.tar.bz2
      - conda: https://conda.anaconda.org/conda-forge/noarch/font-ttf-ubuntu-0.83-h77eed37_2.conda
      - conda: https://conda.anaconda.org/conda-forge/win-64/fontconfig-2.14.2-hbde0cde_0.conda
      - conda: https://conda.anaconda.org/conda-forge/noarch/fonts-conda-ecosystem-1-0.tar.bz2
      - conda: https://conda.anaconda.org/conda-forge/noarch/fonts-conda-forge-1-0.tar.bz2
      - conda: https://conda.anaconda.org/conda-forge/win-64/freetype-2.12.1-hdaf720e_2.conda
      - conda: https://conda.anaconda.org/conda-forge/win-64/fribidi-1.0.10-h8d14728_0.tar.bz2
      - conda: https://conda.anaconda.org/conda-forge/win-64/gdk-pixbuf-2.42.12-hed59a49_0.conda
      - conda: https://conda.anaconda.org/conda-forge/win-64/glib-tools-2.80.3-h4394cf3_2.conda
      - conda: https://conda.anaconda.org/conda-forge/win-64/graphite2-1.3.13-h63175ca_1003.conda
      - conda: https://conda.anaconda.org/conda-forge/win-64/gtk4-4.12.1-h42641b3_4.conda
      - conda: https://conda.anaconda.org/conda-forge/win-64/harfbuzz-9.0.0-h2bedf89_1.conda
      - conda: https://conda.anaconda.org/conda-forge/win-64/hicolor-icon-theme-0.17-h57928b3_2.tar.bz2
      - conda: https://conda.anaconda.org/conda-forge/win-64/icu-75.1-he0c23c2_0.conda
      - conda: https://conda.anaconda.org/conda-forge/win-64/lerc-4.0.0-h63175ca_0.tar.bz2
      - conda: https://conda.anaconda.org/conda-forge/win-64/libdeflate-1.21-h2466b09_0.conda
      - conda: https://conda.anaconda.org/conda-forge/win-64/libexpat-2.6.3-he0c23c2_0.conda
      - conda: https://conda.anaconda.org/conda-forge/win-64/libffi-3.4.2-h8ffe710_5.tar.bz2
      - conda: https://conda.anaconda.org/conda-forge/win-64/libglib-2.80.3-h7025463_2.conda
      - conda: https://conda.anaconda.org/conda-forge/win-64/libgraphene-1.10.8-h1d85db8_0.conda
      - conda: https://conda.anaconda.org/conda-forge/win-64/libiconv-1.17-hcfcfb64_2.conda
      - conda: https://conda.anaconda.org/conda-forge/win-64/libintl-0.22.5-h5728263_3.conda
      - conda: https://conda.anaconda.org/conda-forge/win-64/libjpeg-turbo-3.0.0-hcfcfb64_1.conda
      - conda: https://conda.anaconda.org/conda-forge/win-64/libpng-1.6.44-h3ca93ac_0.conda
      - conda: https://conda.anaconda.org/conda-forge/win-64/libsqlite-3.46.1-h2466b09_0.conda
      - conda: https://conda.anaconda.org/conda-forge/win-64/libtiff-4.6.0-hb151862_4.conda
      - conda: https://conda.anaconda.org/conda-forge/win-64/libzlib-1.3.1-h2466b09_1.conda
      - conda: https://conda.anaconda.org/conda-forge/noarch/meson-1.5.1-pyhd8ed1ab_1.conda
      - conda: https://conda.anaconda.org/conda-forge/win-64/ninja-1.12.1-hc790b64_0.conda
      - conda: https://conda.anaconda.org/conda-forge/win-64/openssl-3.3.2-h2466b09_0.conda
      - conda: https://conda.anaconda.org/conda-forge/win-64/pango-1.54.0-hbb871f6_2.conda
      - conda: https://conda.anaconda.org/conda-forge/win-64/pcre2-10.44-h3d7b363_2.conda
      - conda: https://conda.anaconda.org/conda-forge/win-64/pixman-0.43.4-h63175ca_0.conda
      - conda: https://conda.anaconda.org/conda-forge/win-64/python-3.12.5-h889d299_0_cpython.conda
      - conda: https://conda.anaconda.org/conda-forge/noarch/setuptools-73.0.1-pyhd8ed1ab_0.conda
      - conda: https://conda.anaconda.org/conda-forge/win-64/tk-8.6.13-h5226925_1.conda
      - conda: https://conda.anaconda.org/conda-forge/noarch/tzdata-2024a-h8827d51_1.conda
      - conda: https://conda.anaconda.org/conda-forge/win-64/ucrt-10.0.22621.0-h57928b3_0.tar.bz2
      - conda: https://conda.anaconda.org/conda-forge/win-64/vc-14.3-h8a93ad2_21.conda
      - conda: https://conda.anaconda.org/conda-forge/win-64/vc14_runtime-14.40.33810-ha82c5b3_21.conda
      - conda: https://conda.anaconda.org/conda-forge/win-64/vs2015_runtime-14.40.33810-h3bf8584_21.conda
      - conda: https://conda.anaconda.org/conda-forge/win-64/xz-5.2.6-h8d14728_0.tar.bz2
      - conda: https://conda.anaconda.org/conda-forge/win-64/zlib-1.3.1-h2466b09_1.conda
      - conda: https://conda.anaconda.org/conda-forge/win-64/zstd-1.5.6-h0ea2cb4_0.conda
packages:
- kind: conda
  name: bzip2
  version: 1.0.8
  build: h2466b09_7
  build_number: 7
  subdir: win-64
  url: https://conda.anaconda.org/conda-forge/win-64/bzip2-1.0.8-h2466b09_7.conda
  sha256: 35a5dad92e88fdd7fc405e864ec239486f4f31eec229e31686e61a140a8e573b
  md5: 276e7ffe9ffe39688abc665ef0f45596
  depends:
  - ucrt >=10.0.20348.0
  - vc >=14.2,<15
  - vc14_runtime >=14.29.30139
  license: bzip2-1.0.6
  license_family: BSD
  size: 54927
  timestamp: 1720974860185
- kind: conda
  name: ca-certificates
  version: 2024.8.30
  build: h56e8100_0
  subdir: win-64
  url: https://conda.anaconda.org/conda-forge/win-64/ca-certificates-2024.8.30-h56e8100_0.conda
  sha256: 0fcac3a7ffcc556649e034a1802aedf795e64227eaa7194d207b01eaf26454c4
  md5: 4c4fd67c18619be5aa65dc5b6c72e490
  license: ISC
  size: 158773
  timestamp: 1725019107649
- kind: conda
  name: cairo
  version: 1.18.0
  build: h32b962e_3
  build_number: 3
  subdir: win-64
  url: https://conda.anaconda.org/conda-forge/win-64/cairo-1.18.0-h32b962e_3.conda
  sha256: 127101c9c2d1a56f8791c19141ceff13fd1d1a1da28cfaca549dc99d210cec6a
  md5: 8f43723a4925c51e55c2d81725a97db4
  depends:
  - fontconfig >=2.14.2,<3.0a0
  - fonts-conda-ecosystem
  - freetype >=2.12.1,<3.0a0
  - icu >=75.1,<76.0a0
  - libglib >=2.80.3,<3.0a0
  - libpng >=1.6.43,<1.7.0a0
  - libzlib >=1.3.1,<2.0a0
  - pixman >=0.43.4,<1.0a0
  - ucrt >=10.0.20348.0
  - vc >=14.2,<15
  - vc14_runtime >=14.29.30139
  - zlib
  license: LGPL-2.1-only or MPL-1.1
  size: 1516680
  timestamp: 1721139332360
- kind: conda
  name: epoxy
  version: 1.5.10
  build: h8d14728_1
  build_number: 1
  subdir: win-64
  url: https://conda.anaconda.org/conda-forge/win-64/epoxy-1.5.10-h8d14728_1.tar.bz2
  sha256: 0964f730f98662124392b1348c894725870429fa95dcba6455c839a0d26ec2be
  md5: 38bcf3a96ee224b1704251d6235f4515
  depends:
  - vc >=14.1,<15
  - vs2015_runtime >=14.16.27033
  license: MIT
  license_family: MIT
  size: 563684
  timestamp: 1648505761860
- kind: conda
  name: expat
  version: 2.6.3
  build: he0c23c2_0
  subdir: win-64
  url: https://conda.anaconda.org/conda-forge/win-64/expat-2.6.3-he0c23c2_0.conda
  sha256: 627651a36fe659ce08d79e8bcad00dc5fc35c6e63eb51e5d15a30a7605251998
  md5: a85588222941f75577eb39711058e1de
  depends:
  - libexpat 2.6.3 he0c23c2_0
  - ucrt >=10.0.20348.0
  - vc >=14.2,<15
  - vc14_runtime >=14.29.30139
  license: MIT
  license_family: MIT
  size: 230615
  timestamp: 1725569133557
- kind: conda
  name: font-ttf-dejavu-sans-mono
  version: '2.37'
  build: hab24e00_0
  subdir: noarch
  noarch: generic
  url: https://conda.anaconda.org/conda-forge/noarch/font-ttf-dejavu-sans-mono-2.37-hab24e00_0.tar.bz2
  sha256: 58d7f40d2940dd0a8aa28651239adbf5613254df0f75789919c4e6762054403b
  md5: 0c96522c6bdaed4b1566d11387caaf45
  license: BSD-3-Clause
  license_family: BSD
  size: 397370
  timestamp: 1566932522327
- kind: conda
  name: font-ttf-inconsolata
  version: '3.000'
  build: h77eed37_0
  subdir: noarch
  noarch: generic
  url: https://conda.anaconda.org/conda-forge/noarch/font-ttf-inconsolata-3.000-h77eed37_0.tar.bz2
  sha256: c52a29fdac682c20d252facc50f01e7c2e7ceac52aa9817aaf0bb83f7559ec5c
  md5: 34893075a5c9e55cdafac56607368fc6
  license: OFL-1.1
  license_family: Other
  size: 96530
  timestamp: 1620479909603
- kind: conda
  name: font-ttf-source-code-pro
  version: '2.038'
  build: h77eed37_0
  subdir: noarch
  noarch: generic
  url: https://conda.anaconda.org/conda-forge/noarch/font-ttf-source-code-pro-2.038-h77eed37_0.tar.bz2
  sha256: 00925c8c055a2275614b4d983e1df637245e19058d79fc7dd1a93b8d9fb4b139
  md5: 4d59c254e01d9cde7957100457e2d5fb
  license: OFL-1.1
  license_family: Other
  size: 700814
  timestamp: 1620479612257
- kind: conda
  name: font-ttf-ubuntu
  version: '0.83'
  build: h77eed37_2
  build_number: 2
  subdir: noarch
  noarch: generic
  url: https://conda.anaconda.org/conda-forge/noarch/font-ttf-ubuntu-0.83-h77eed37_2.conda
  sha256: c940f6e969143e13a3a9660abb3c7e7e23b8319efb29dbdd5dee0b9939236e13
  md5: cbbe59391138ea5ad3658c76912e147f
  license: LicenseRef-Ubuntu-Font-Licence-Version-1.0
  license_family: Other
  size: 1622566
  timestamp: 1714483134319
- kind: conda
  name: fontconfig
  version: 2.14.2
  build: hbde0cde_0
  subdir: win-64
  url: https://conda.anaconda.org/conda-forge/win-64/fontconfig-2.14.2-hbde0cde_0.conda
  sha256: 643f2b95be68abeb130c53d543dcd0c1244bebabd58c774a21b31e4b51ac3c96
  md5: 08767992f1a4f1336a257af1241034bd
  depends:
  - expat >=2.5.0,<3.0a0
  - freetype >=2.12.1,<3.0a0
  - libiconv >=1.17,<2.0a0
  - libzlib >=1.2.13,<2.0.0a0
  - ucrt >=10.0.20348.0
  - vc >=14.2,<15
  - vs2015_runtime >=14.29.30139
  license: MIT
  license_family: MIT
  size: 190111
  timestamp: 1674829354122
- kind: conda
  name: fonts-conda-ecosystem
  version: '1'
  build: '0'
  subdir: noarch
  noarch: generic
  url: https://conda.anaconda.org/conda-forge/noarch/fonts-conda-ecosystem-1-0.tar.bz2
  sha256: a997f2f1921bb9c9d76e6fa2f6b408b7fa549edd349a77639c9fe7a23ea93e61
  md5: fee5683a3f04bd15cbd8318b096a27ab
  depends:
  - fonts-conda-forge
  license: BSD-3-Clause
  license_family: BSD
  size: 3667
  timestamp: 1566974674465
- kind: conda
  name: fonts-conda-forge
  version: '1'
  build: '0'
  subdir: noarch
  noarch: generic
  url: https://conda.anaconda.org/conda-forge/noarch/fonts-conda-forge-1-0.tar.bz2
  sha256: 53f23a3319466053818540bcdf2091f253cbdbab1e0e9ae7b9e509dcaa2a5e38
  md5: f766549260d6815b0c52253f1fb1bb29
  depends:
  - font-ttf-dejavu-sans-mono
  - font-ttf-inconsolata
  - font-ttf-source-code-pro
  - font-ttf-ubuntu
  license: BSD-3-Clause
  license_family: BSD
  size: 4102
  timestamp: 1566932280397
- kind: conda
  name: freetype
  version: 2.12.1
  build: hdaf720e_2
  build_number: 2
  subdir: win-64
  url: https://conda.anaconda.org/conda-forge/win-64/freetype-2.12.1-hdaf720e_2.conda
  sha256: 2c53ee8879e05e149a9e525481d36adfd660a6abda26fd731376fa64ff03e728
  md5: 3761b23693f768dc75a8fd0a73ca053f
  depends:
  - libpng >=1.6.39,<1.7.0a0
  - libzlib >=1.2.13,<2.0.0a0
  - ucrt >=10.0.20348.0
  - vc >=14.2,<15
  - vc14_runtime >=14.29.30139
  license: GPL-2.0-only OR FTL
  size: 510306
  timestamp: 1694616398888
- kind: conda
  name: fribidi
  version: 1.0.10
  build: h8d14728_0
  subdir: win-64
  url: https://conda.anaconda.org/conda-forge/win-64/fribidi-1.0.10-h8d14728_0.tar.bz2
  sha256: e0323e6d7b6047042970812ee810c6b1e1a11a3af4025db26d0965ae5d206104
  md5: 807e81d915f2bb2e49951648615241f6
  depends:
  - vc >=14.1,<15.0a0
  - vs2015_runtime >=14.16.27012
  license: LGPL-2.1
  size: 64567
  timestamp: 1604417122064
- kind: conda
  name: gdk-pixbuf
  version: 2.42.12
  build: hed59a49_0
  subdir: win-64
  url: https://conda.anaconda.org/conda-forge/win-64/gdk-pixbuf-2.42.12-hed59a49_0.conda
  sha256: 7a7768a5e65092242071f99b4cafe3e59546f9260ae472d3aa10a9a9aa869c3c
  md5: 350196a65e715882abefffd1a702172d
  depends:
  - libglib >=2.80.2,<3.0a0
  - libintl >=0.22.5,<1.0a0
  - libjpeg-turbo >=3.0.0,<4.0a0
  - libpng >=1.6.43,<1.7.0a0
  - libtiff >=4.6.0,<4.7.0a0
  - ucrt >=10.0.20348.0
  - vc >=14.2,<15
  - vc14_runtime >=14.29.30139
  license: LGPL-2.1-or-later
  license_family: LGPL
  size: 523967
  timestamp: 1715783547727
- kind: conda
  name: glib-tools
  version: 2.80.3
  build: h4394cf3_2
  build_number: 2
  subdir: win-64
  url: https://conda.anaconda.org/conda-forge/win-64/glib-tools-2.80.3-h4394cf3_2.conda
  sha256: 286e485ad6236820e801aa0dc8d7bd7136c90117a56e253174abcd964d886344
  md5: 74d89cea4821e638dd76a533019f3c35
  depends:
  - libglib 2.80.3 h7025463_2
  - libintl >=0.22.5,<1.0a0
  - ucrt >=10.0.20348.0
  - vc >=14.2,<15
  - vc14_runtime >=14.29.30139
  license: LGPL-2.1-or-later
  size: 94871
  timestamp: 1723209457216
- kind: conda
  name: graphite2
  version: 1.3.13
  build: h63175ca_1003
  build_number: 1003
  subdir: win-64
  url: https://conda.anaconda.org/conda-forge/win-64/graphite2-1.3.13-h63175ca_1003.conda
  sha256: 25040a4f371b9b51663f546bac620122c237fa1d5d32968e21b0751af9b7f56f
  md5: 3194499ee7d1a67404a87d0eefdd92c6
  depends:
  - ucrt >=10.0.20348.0
  - vc >=14.2,<15
  - vc14_runtime >=14.29.30139
  license: LGPL-2.0-or-later
  license_family: LGPL
  size: 95406
  timestamp: 1711634622644
- kind: conda
  name: gtk4
  version: 4.12.1
  build: h42641b3_4
  build_number: 4
  subdir: win-64
  url: https://conda.anaconda.org/conda-forge/win-64/gtk4-4.12.1-h42641b3_4.conda
  sha256: 9c6a1fd07a00031ed10afd69ea9ec82033e5de0fbcab4dca8c6a883a9d995aab
  md5: 039ca24de4c96c3a5cd121e39df14d88
  depends:
  - cairo >=1.18.0,<2.0a0
  - epoxy >=1.5.10,<1.6.0a0
  - fontconfig
  - freetype >=2.12.1,<3.0a0
  - fribidi
  - gdk-pixbuf >=2.42.12,<3.0a0
  - glib-tools
  - harfbuzz >=9.0.0,<10.0a0
  - hicolor-icon-theme
  - libglib >=2.80.3,<3.0a0
  - libgraphene
  - libiconv >=1.17,<2.0a0
  - libjpeg-turbo >=3.0.0,<4.0a0
  - libpng >=1.6.43,<1.7.0a0
  - libtiff >=4.6.0,<4.7.0a0
  - libzlib >=1.3.1,<2.0a0
  - pango >=1.54.0,<2.0a0
  - ucrt >=10.0.20348.0
  - vc >=14.2,<15
  - vc14_runtime >=14.29.30139
  license: LGPL-2.0-or-later
  license_family: LGPL
  size: 11600976
  timestamp: 1721485818406
- kind: conda
  name: harfbuzz
  version: 9.0.0
  build: h2bedf89_1
  build_number: 1
  subdir: win-64
  url: https://conda.anaconda.org/conda-forge/win-64/harfbuzz-9.0.0-h2bedf89_1.conda
  sha256: 20f42ec76e075902c22c1f8ddc71fb88eff0b93e74f5705c1e72220030965810
  md5: 254f119aaed2c0be271c1114ae18d09b
  depends:
  - cairo >=1.18.0,<2.0a0
  - freetype >=2.12.1,<3.0a0
  - graphite2
  - icu >=75.1,<76.0a0
  - libglib >=2.80.3,<3.0a0
  - ucrt >=10.0.20348.0
  - vc >=14.2,<15
  - vc14_runtime >=14.29.30139
  license: MIT
  license_family: MIT
  size: 1095620
  timestamp: 1721187287831
- kind: conda
  name: hicolor-icon-theme
  version: '0.17'
  build: h57928b3_2
  build_number: 2
  subdir: win-64
  url: https://conda.anaconda.org/conda-forge/win-64/hicolor-icon-theme-0.17-h57928b3_2.tar.bz2
  sha256: de13579c57b9dd45bee7043fae295b0862c6fa2ba7f865a6c777b2b85c0da04f
  md5: ce6379735baacc42bf1e684bdda2e2c3
  license: GPL-2.0-or-later
  license_family: GPL
  size: 14339
  timestamp: 1605162980958
- kind: conda
  name: icu
  version: '75.1'
  build: he0c23c2_0
  subdir: win-64
  url: https://conda.anaconda.org/conda-forge/win-64/icu-75.1-he0c23c2_0.conda
  sha256: 1d04369a1860a1e9e371b9fc82dd0092b616adcf057d6c88371856669280e920
  md5: 8579b6bb8d18be7c0b27fb08adeeeb40
  depends:
  - ucrt >=10.0.20348.0
  - vc >=14.2,<15
  - vc14_runtime >=14.29.30139
  license: MIT
  license_family: MIT
  size: 14544252
  timestamp: 1720853966338
- kind: conda
  name: lerc
  version: 4.0.0
  build: h63175ca_0
  subdir: win-64
  url: https://conda.anaconda.org/conda-forge/win-64/lerc-4.0.0-h63175ca_0.tar.bz2
  sha256: f4f39d7f6a2f9b407f8fb567a6c25755270421731d70f0ff331f5de4fa367488
  md5: 1900cb3cab5055833cfddb0ba233b074
  depends:
  - vc >=14.2,<15
  - vs2015_runtime >=14.29.30037
  license: Apache-2.0
  license_family: Apache
  size: 194365
  timestamp: 1657977692274
- kind: conda
  name: libdeflate
  version: '1.21'
  build: h2466b09_0
  subdir: win-64
  url: https://conda.anaconda.org/conda-forge/win-64/libdeflate-1.21-h2466b09_0.conda
  sha256: ebb21b910164d97dc23be83ba29a8004b9bba7536dc850c6d8b00bbb84259e78
  md5: 4ebe2206ebf4bf38f6084ad836110361
  depends:
  - ucrt >=10.0.20348.0
  - vc >=14.2,<15
  - vc14_runtime >=14.29.30139
  license: MIT
  license_family: MIT
  size: 155801
  timestamp: 1722820571739
- kind: conda
  name: libexpat
  version: 2.6.3
  build: he0c23c2_0
  subdir: win-64
  url: https://conda.anaconda.org/conda-forge/win-64/libexpat-2.6.3-he0c23c2_0.conda
  sha256: 9543965d155b8da96fc67dd81705fe5c2571c7c00becc8de5534c850393d4e3c
  md5: 21415fbf4d0de6767a621160b43e5dea
  depends:
  - ucrt >=10.0.20348.0
  - vc >=14.2,<15
  - vc14_runtime >=14.29.30139
  constrains:
  - expat 2.6.3.*
  license: MIT
  license_family: MIT
  size: 138992
  timestamp: 1725569106114
- kind: conda
  name: libffi
  version: 3.4.2
  build: h8ffe710_5
  build_number: 5
  subdir: win-64
  url: https://conda.anaconda.org/conda-forge/win-64/libffi-3.4.2-h8ffe710_5.tar.bz2
  sha256: 1951ab740f80660e9bc07d2ed3aefb874d78c107264fd810f24a1a6211d4b1a5
  md5: 2c96d1b6915b408893f9472569dee135
  depends:
  - vc >=14.1,<15.0a0
  - vs2015_runtime >=14.16.27012
  license: MIT
  license_family: MIT
  size: 42063
  timestamp: 1636489106777
- kind: conda
  name: libglib
  version: 2.80.3
  build: h7025463_2
  build_number: 2
  subdir: win-64
  url: https://conda.anaconda.org/conda-forge/win-64/libglib-2.80.3-h7025463_2.conda
  sha256: 1461eb3b10814630acd1f3a11fc47dbb81c46a4f1f32ed389e3ae050a09c4903
  md5: b60894793e7e4a555027bfb4e4ed1d54
  depends:
  - libffi >=3.4,<4.0a0
  - libiconv >=1.17,<2.0a0
  - libintl >=0.22.5,<1.0a0
  - libzlib >=1.3.1,<2.0a0
  - pcre2 >=10.44,<10.45.0a0
  - ucrt >=10.0.20348.0
  - vc >=14.2,<15
  - vc14_runtime >=14.29.30139
  constrains:
  - glib 2.80.3 *_2
  license: LGPL-2.1-or-later
  size: 3726738
  timestamp: 1723209368854
- kind: conda
  name: libgraphene
  version: 1.10.8
  build: h1d85db8_0
  subdir: win-64
  url: https://conda.anaconda.org/conda-forge/win-64/libgraphene-1.10.8-h1d85db8_0.conda
  sha256: 0fcb3299a7a41dd0f295f51f124324b0f14fbf60d1cd04f322683f7dbed06a16
  md5: 7a9b4f2799f4e097e8e696bd1395f9b1
  depends:
  - libglib >=2.76.4,<3.0a0
  - ucrt >=10.0.20348.0
  - vc >=14.2,<15
  - vc14_runtime >=14.29.30139
  license: MIT
  license_family: MIT
  size: 125389
  timestamp: 1693393517039
- kind: conda
  name: libiconv
  version: '1.17'
  build: hcfcfb64_2
  build_number: 2
  subdir: win-64
  url: https://conda.anaconda.org/conda-forge/win-64/libiconv-1.17-hcfcfb64_2.conda
  sha256: 5f844dd19b046d43174ad80c6ea75b5d504020e3b63cfbc4ace97b8730d35c7b
  md5: e1eb10b1cca179f2baa3601e4efc8712
  depends:
  - ucrt >=10.0.20348.0
  - vc >=14.2,<15
  - vc14_runtime >=14.29.30139
  license: LGPL-2.1-only
  size: 636146
  timestamp: 1702682547199
- kind: conda
  name: libintl
  version: 0.22.5
  build: h5728263_3
  build_number: 3
  subdir: win-64
  url: https://conda.anaconda.org/conda-forge/win-64/libintl-0.22.5-h5728263_3.conda
  sha256: c7e4600f28bcada8ea81456a6530c2329312519efcf0c886030ada38976b0511
  md5: 2cf0cf76cc15d360dfa2f17fd6cf9772
  depends:
  - libiconv >=1.17,<2.0a0
  license: LGPL-2.1-or-later
  size: 95568
  timestamp: 1723629479451
- kind: conda
  name: libjpeg-turbo
  version: 3.0.0
  build: hcfcfb64_1
  build_number: 1
  subdir: win-64
  url: https://conda.anaconda.org/conda-forge/win-64/libjpeg-turbo-3.0.0-hcfcfb64_1.conda
  sha256: 4e7808e3098b4b4ed7e287f63bb24f9045cc4d95bfd39f0db870fc2837d74dff
  md5: 3f1b948619c45b1ca714d60c7389092c
  depends:
  - ucrt >=10.0.20348.0
  - vc >=14.2,<15
  - vc14_runtime >=14.29.30139
  constrains:
  - jpeg <0.0.0a
  license: IJG AND BSD-3-Clause AND Zlib
  size: 822966
  timestamp: 1694475223854
- kind: conda
  name: libpng
  version: 1.6.44
  build: h3ca93ac_0
  subdir: win-64
  url: https://conda.anaconda.org/conda-forge/win-64/libpng-1.6.44-h3ca93ac_0.conda
  sha256: 0d3d6ff9225f6918ac225e3839c0d91e5af1da08a4ebf59cac1bfd86018db945
  md5: 639ac6b55a40aa5de7b8c1b4d78f9e81
  depends:
  - libzlib >=1.3.1,<2.0a0
  - ucrt >=10.0.20348.0
  - vc >=14.2,<15
  - vc14_runtime >=14.29.30139
  license: zlib-acknowledgement
  size: 348933
  timestamp: 1726235196095
- kind: conda
  name: libsqlite
  version: 3.46.1
  build: h2466b09_0
  subdir: win-64
  url: https://conda.anaconda.org/conda-forge/win-64/libsqlite-3.46.1-h2466b09_0.conda
  sha256: ef83f90961630bc54a95e48062b05cf9c9173a822ea01784288029613a45eea4
  md5: 8a7c1ad01f58623bfbae8d601db7cf3b
  depends:
  - ucrt >=10.0.20348.0
  - vc >=14.2,<15
  - vc14_runtime >=14.29.30139
  license: Unlicense
  size: 876666
  timestamp: 1725354171439
- kind: conda
  name: libtiff
  version: 4.6.0
  build: hb151862_4
  build_number: 4
  subdir: win-64
  url: https://conda.anaconda.org/conda-forge/win-64/libtiff-4.6.0-hb151862_4.conda
  sha256: 1d5a8972f344da2e81b5a27ac0eda977803351151b8923f16cbc056515f5b8c6
  md5: 7d35d9aa8f051d548116039f5813c8ec
  depends:
  - lerc >=4.0.0,<5.0a0
  - libdeflate >=1.21,<1.22.0a0
  - libjpeg-turbo >=3.0.0,<4.0a0
  - libzlib >=1.3.1,<2.0a0
  - ucrt >=10.0.20348.0
  - vc >=14.2,<15
  - vc14_runtime >=14.29.30139
  - xz >=5.2.6,<6.0a0
  - zstd >=1.5.6,<1.6.0a0
  license: HPND
  size: 784657
  timestamp: 1722871883822
- kind: conda
  name: libzlib
  version: 1.3.1
  build: h2466b09_1
  build_number: 1
  subdir: win-64
  url: https://conda.anaconda.org/conda-forge/win-64/libzlib-1.3.1-h2466b09_1.conda
  sha256: b13846a54a15243e15f96fec06b526d8155adc6a1ac2b6ed47a88f6a71a94b68
  md5: d4483ca8afc57ddf1f6dded53b36c17f
  depends:
  - ucrt >=10.0.20348.0
  - vc >=14.2,<15
  - vc14_runtime >=14.29.30139
  constrains:
  - zlib 1.3.1 *_1
  license: Zlib
  license_family: Other
  size: 56186
  timestamp: 1716874730539
- kind: conda
  name: meson
  version: 1.5.1
  build: pyhd8ed1ab_1
  build_number: 1
  subdir: noarch
  noarch: python
  url: https://conda.anaconda.org/conda-forge/noarch/meson-1.5.1-pyhd8ed1ab_1.conda
  sha256: c7931432d4987face4c587956b6328126ee53056abccb5fdcb562cc3f60188d9
  md5: 979087ee59bea1355f991a3b738af64e
  depends:
  - ninja >=1.8.2
  - python >=3.7
  - setuptools
  license: Apache-2.0
  license_family: APACHE
  size: 650726
  timestamp: 1722578284258
- kind: conda
  name: ninja
  version: 1.12.1
  build: hc790b64_0
  subdir: win-64
  url: https://conda.anaconda.org/conda-forge/win-64/ninja-1.12.1-hc790b64_0.conda
  sha256: b821cb72cb3ef08fab90a9bae899510e6cf3c23b5da6070d1ec30099dfe6a5be
  md5: a557dde55343e03c68cd7e29e7f87279
  depends:
  - ucrt >=10.0.20348.0
  - vc >=14.2,<15
  - vc14_runtime >=14.29.30139
  license: Apache-2.0
  license_family: Apache
  size: 285150
  timestamp: 1715441052517
- kind: conda
  name: openssl
  version: 3.3.2
  build: h2466b09_0
  subdir: win-64
  url: https://conda.anaconda.org/conda-forge/win-64/openssl-3.3.2-h2466b09_0.conda
  sha256: a45c42f3577294e22ac39ddb6ef5a64fd5322e8a6725afefbf4f2b4109340bf9
  md5: 1dc86753693df5e3326bb8a85b74c589
  depends:
  - ca-certificates
  - ucrt >=10.0.20348.0
  - vc >=14.2,<15
  - vc14_runtime >=14.29.30139
  license: Apache-2.0
  license_family: Apache
  size: 8396053
  timestamp: 1725412961673
- kind: conda
  name: pango
  version: 1.54.0
  build: hbb871f6_2
  build_number: 2
  subdir: win-64
  url: https://conda.anaconda.org/conda-forge/win-64/pango-1.54.0-hbb871f6_2.conda
  sha256: 90327dd606f78ae9c881e285f85bc2b0f57d11c807be58ee3f690742354918b2
  md5: 409c0b778deee649c025b7106549a24f
  depends:
  - cairo >=1.18.0,<2.0a0
  - fontconfig >=2.14.2,<3.0a0
  - fonts-conda-ecosystem
  - freetype >=2.12.1,<3.0a0
  - fribidi >=1.0.10,<2.0a0
  - harfbuzz >=9.0.0,<10.0a0
  - libglib >=2.80.3,<3.0a0
  - libpng >=1.6.43,<1.7.0a0
  - ucrt >=10.0.20348.0
  - vc >=14.2,<15
  - vc14_runtime >=14.29.30139
  license: LGPL-2.1-or-later
  size: 450610
  timestamp: 1723832834434
- kind: conda
  name: pcre2
  version: '10.44'
  build: h3d7b363_2
  build_number: 2
  subdir: win-64
  url: https://conda.anaconda.org/conda-forge/win-64/pcre2-10.44-h3d7b363_2.conda
  sha256: f4a12cbf8a7c5bfa2592b9dc92b492c438781898e5b02f397979b0be6e1b5851
  md5: a3a3baddcfb8c80db84bec3cb7746fb8
  depends:
  - bzip2 >=1.0.8,<2.0a0
  - libzlib >=1.3.1,<2.0a0
  - ucrt >=10.0.20348.0
  - vc >=14.2,<15
  - vc14_runtime >=14.29.30139
  license: BSD-3-Clause
  license_family: BSD
  size: 820831
  timestamp: 1723489427046
- kind: conda
  name: pixman
  version: 0.43.4
  build: h63175ca_0
  subdir: win-64
  url: https://conda.anaconda.org/conda-forge/win-64/pixman-0.43.4-h63175ca_0.conda
  sha256: 51de4d7fb41597b06d60f1b82e269dafcb55e994e08fdcca8e4d6f7d42bedd07
  md5: b98135614135d5f458b75ab9ebb9558c
  depends:
  - ucrt >=10.0.20348.0
  - vc >=14.2,<15
  - vc14_runtime >=14.29.30139
  license: MIT
  license_family: MIT
  size: 461854
  timestamp: 1709239971654
- kind: conda
  name: python
  version: 3.12.5
  build: h889d299_0_cpython
  subdir: win-64
  url: https://conda.anaconda.org/conda-forge/win-64/python-3.12.5-h889d299_0_cpython.conda
  sha256: 4cef304eb8877fd3094c14b57097ccc1b817b4afbf2223dd45d2b61e44064740
  md5: db056d8b140ab2edd56a2f9bdb203dcd
  depends:
  - bzip2 >=1.0.8,<2.0a0
  - libexpat >=2.6.2,<3.0a0
  - libffi >=3.4,<4.0a0
  - libsqlite >=3.46.0,<4.0a0
  - libzlib >=1.3.1,<2.0a0
  - openssl >=3.3.1,<4.0a0
  - tk >=8.6.13,<8.7.0a0
  - tzdata
  - ucrt >=10.0.20348.0
  - vc >=14.2,<15
  - vc14_runtime >=14.29.30139
  - xz >=5.2.6,<6.0a0
  constrains:
  - python_abi 3.12.* *_cp312
  license: Python-2.0
  size: 15897752
  timestamp: 1723141830317
- kind: conda
  name: setuptools
  version: 73.0.1
  build: pyhd8ed1ab_0
  subdir: noarch
  noarch: python
  url: https://conda.anaconda.org/conda-forge/noarch/setuptools-73.0.1-pyhd8ed1ab_0.conda
  sha256: c9f5e110e3fe5a7c4cd5b9da445c05a1fae000b43ab3a97cb6a501f4267515fc
  md5: f0b618d7673d1b2464f600b34d912f6f
  depends:
  - python >=3.8
  license: MIT
  license_family: MIT
  size: 1460460
  timestamp: 1725348602179
- kind: conda
  name: tk
  version: 8.6.13
  build: h5226925_1
  build_number: 1
  subdir: win-64
  url: https://conda.anaconda.org/conda-forge/win-64/tk-8.6.13-h5226925_1.conda
  sha256: 2c4e914f521ccb2718946645108c9bd3fc3216ba69aea20c2c3cedbd8db32bb1
  md5: fc048363eb8f03cd1737600a5d08aafe
  depends:
  - ucrt >=10.0.20348.0
  - vc >=14.2,<15
  - vc14_runtime >=14.29.30139
  license: TCL
  license_family: BSD
  size: 3503410
  timestamp: 1699202577803
- kind: conda
  name: tzdata
  version: 2024a
  build: h8827d51_1
  build_number: 1
  subdir: noarch
  noarch: generic
  url: https://conda.anaconda.org/conda-forge/noarch/tzdata-2024a-h8827d51_1.conda
  sha256: 7d21c95f61319dba9209ca17d1935e6128af4235a67ee4e57a00908a1450081e
  md5: 8bfdead4e0fff0383ae4c9c50d0531bd
  license: LicenseRef-Public-Domain
  size: 124164
  timestamp: 1724736371498
- kind: conda
  name: ucrt
  version: 10.0.22621.0
  build: h57928b3_0
  subdir: win-64
  url: https://conda.anaconda.org/conda-forge/win-64/ucrt-10.0.22621.0-h57928b3_0.tar.bz2
  sha256: f29cdaf8712008f6b419b8b1a403923b00ab2504bfe0fb2ba8eb60e72d4f14c6
  md5: 72608f6cd3e5898229c3ea16deb1ac43
  constrains:
  - vs2015_runtime >=14.29.30037
  license: LicenseRef-Proprietary
  license_family: PROPRIETARY
  size: 1283972
  timestamp: 1666630199266
- kind: conda
  name: vc
  version: '14.3'
  build: h8a93ad2_21
  build_number: 21
  subdir: win-64
  url: https://conda.anaconda.org/conda-forge/win-64/vc-14.3-h8a93ad2_21.conda
  sha256: f14f5238c2e2516e292af43d91df88f212d769b4853eb46d03291793dcf00da9
  md5: e632a9b865d4b653aa656c9fb4f4817c
  depends:
  - vc14_runtime >=14.40.33810
  track_features:
  - vc14
  license: BSD-3-Clause
  license_family: BSD
  size: 17243
  timestamp: 1725984095174
- kind: conda
  name: vc14_runtime
  version: 14.40.33810
  build: ha82c5b3_21
  build_number: 21
  subdir: win-64
  url: https://conda.anaconda.org/conda-forge/win-64/vc14_runtime-14.40.33810-ha82c5b3_21.conda
  sha256: c3bf51bff7db39ad7e890dbef1b1026df0af36975aea24dea7c5fe1e0b382c40
  md5: b3ebb670caf046e32b835fbda056c4f9
  depends:
  - ucrt >=10.0.20348.0
  constrains:
  - vs2015_runtime 14.40.33810.* *_21
  license: LicenseRef-ProprietaryMicrosoft
  license_family: Proprietary
  size: 751757
  timestamp: 1725984166774
- kind: conda
  name: vs2015_runtime
  version: 14.40.33810
  build: h3bf8584_21
  build_number: 21
  subdir: win-64
  url: https://conda.anaconda.org/conda-forge/win-64/vs2015_runtime-14.40.33810-h3bf8584_21.conda
  sha256: 472410455c381e406ec8c1d3e0342b48ee23122ef7ffb22a09d9763ca5df4d20
  md5: b3f37db7b7ae1c22600fa26a63ed99b3
  depends:
  - vc14_runtime >=14.40.33810
  license: BSD-3-Clause
  license_family: BSD
  size: 17241
  timestamp: 1725984096440
- kind: conda
  name: xz
  version: 5.2.6
  build: h8d14728_0
  subdir: win-64
  url: https://conda.anaconda.org/conda-forge/win-64/xz-5.2.6-h8d14728_0.tar.bz2
  sha256: 54d9778f75a02723784dc63aff4126ff6e6749ba21d11a6d03c1f4775f269fe0
  md5: 515d77642eaa3639413c6b1bc3f94219
  depends:
  - vc >=14.1,<15
  - vs2015_runtime >=14.16.27033
  license: LGPL-2.1 and GPL-2.0
  size: 217804
  timestamp: 1660346976440
- kind: conda
  name: zlib
  version: 1.3.1
  build: h2466b09_1
  build_number: 1
  subdir: win-64
  url: https://conda.anaconda.org/conda-forge/win-64/zlib-1.3.1-h2466b09_1.conda
  sha256: 76409556e6c7cb91991cd94d7fc853c9272c2872bd7e3573ff35eb33d6fca5be
  md5: f8e0a35bf6df768ad87ed7bbbc36ab04
  depends:
  - libzlib 1.3.1 h2466b09_1
  - ucrt >=10.0.20348.0
  - vc >=14.2,<15
  - vc14_runtime >=14.29.30139
  license: Zlib
  license_family: Other
  size: 108081
  timestamp: 1716874767420
- kind: conda
  name: zstd
  version: 1.5.6
  build: h0ea2cb4_0
  subdir: win-64
  url: https://conda.anaconda.org/conda-forge/win-64/zstd-1.5.6-h0ea2cb4_0.conda
  sha256: 768e30dc513568491818fb068ee867c57c514b553915536da09e5d10b4ebf3c3
  md5: 9a17230f95733c04dc40a2b1e5491d74
  depends:
  - libzlib >=1.2.13,<2.0.0a0
  - ucrt >=10.0.20348.0
  - vc >=14.2,<15
  - vc14_runtime >=14.29.30139
  license: BSD-3-Clause
  license_family: BSD
  size: 349143
  timestamp: 1714723445995
