# generated by rye
# use `rye lock` or `rye sync` to update this lockfile
#
# last locked with the following flags:
#   pre: false
#   features: []
#   all-features: false
#   with-sources: false
#   generate-hashes: false
#   universal: false

-e file:.
build==1.2.2
    # via gvsbuild
click==8.1.7
    # via typer
colorama==0.4.6
    # via build
    # via click
gvsbuild==2024.9.0
    # via czkawka
jinja2==3.1.4
    # via czkawka
markdown-it-py==3.0.0
    # via rich
markupsafe==2.1.5
    # via jinja2
mdurl==0.1.2
    # via markdown-it-py
packaging==24.1
    # via build
pygments==2.18.0
    # via rich
pyproject-hooks==1.1.0
    # via build
rich==13.8.1
    # via typer
shellingham==1.5.4
    # via typer
tomli==2.0.1
    # via build
typer==0.12.5
    # via gvsbuild
    # via typer
typing-extensions==4.12.2
    # via typer
